// !$*UTF8*$!
{
	archiveVersion = 1;
	classes = {
	};
	objectVersion = 50;
	objects = {

/* Begin PBXBuildFile section */
		C02D053620BCE60700128FF9 /* ElectricalSweeper.wav in Resources */ = {isa = PBXBuildFile; fileRef = C02D053520BCE60700128FF9 /* ElectricalSweeper.wav */; };
		C02D053A20BCE7E000128FF9 /* RightSound.wav in Resources */ = {isa = PBXBuildFile; fileRef = C02D053920BCE7E000128FF9 /* RightSound.wav */; };
		C02D053C20BCF1C300128FF9 /* WrongSound.wav in Resources */ = {isa = PBXBuildFile; fileRef = C02D053B20BCF1C300128FF9 /* WrongSound.wav */; };
		C02D053E20BCFF1000128FF9 /* backgroundMK.png in Resources */ = {isa = PBXBuildFile; fileRef = C02D053D20BCFF0F00128FF9 /* backgroundMK.png */; };
		C0D170A920BA77E700745AC6 /* AppDelegate.swift in Sources */ = {isa = PBXBuildFile; fileRef = C0D170A820BA77E700745AC6 /* AppDelegate.swift */; };
		C0D170AB20BA77E700745AC6 /* ViewController.swift in Sources */ = {isa = PBXBuildFile; fileRef = C0D170AA20BA77E700745AC6 /* ViewController.swift */; };
		C0D170AE20BA77E700745AC6 /* Main.storyboard in Resources */ = {isa = PBXBuildFile; fileRef = C0D170AC20BA77E700745AC6 /* Main.storyboard */; };
		C0D170B020BA77E800745AC6 /* Assets.xcassets in Resources */ = {isa = PBXBuildFile; fileRef = C0D170AF20BA77E800745AC6 /* Assets.xcassets */; };
		C0D170B320BA77E800745AC6 /* LaunchScreen.storyboard in Resources */ = {isa = PBXBuildFile; fileRef = C0D170B120BA77E800745AC6 /* LaunchScreen.storyboard */; };
		C0D170BB20BA780800745AC6 /* Question.swift in Sources */ = {isa = PBXBuildFile; fileRef = C0D170BA20BA780800745AC6 /* Question.swift */; };
		C0D170BD20BA782700745AC6 /* Quiz.swift in Sources */ = {isa = PBXBuildFile; fileRef = C0D170BC20BA782700745AC6 /* Quiz.swift */; };
		C0D170BF20BA79D500745AC6 /* QuizManager.swift in Sources */ = {isa = PBXBuildFile; fileRef = C0D170BE20BA79D500745AC6 /* QuizManager.swift */; };
		C0D170C120BA7DC100745AC6 /* GameSound.wav in Resources */ = {isa = PBXBuildFile; fileRef = C0D170C020BA7DC100745AC6 /* GameSound.wav */; };
/* End PBXBuildFile section */

/* Begin PBXFileReference section */
		C02D053520BCE60700128FF9 /* ElectricalSweeper.wav */ = {isa = PBXFileReference; lastKnownFileType = audio.wav; path = ElectricalSweeper.wav; sourceTree = "<group>"; };
		C02D053920BCE7E000128FF9 /* RightSound.wav */ = {isa = PBXFileReference; lastKnownFileType = audio.wav; path = RightSound.wav; sourceTree = "<group>"; };
		C02D053B20BCF1C300128FF9 /* WrongSound.wav */ = {isa = PBXFileReference; lastKnownFileType = audio.wav; path = WrongSound.wav; sourceTree = "<group>"; };
		C02D053D20BCFF0F00128FF9 /* backgroundMK.png */ = {isa = PBXFileReference; lastKnownFileType = image.png; path = backgroundMK.png; sourceTree = "<group>"; };
		C0D170A520BA77E700745AC6 /* MyEnhanceQuizApp.app */ = {isa = PBXFileReference; explicitFileType = wrapper.application; includeInIndex = 0; path = MyEnhanceQuizApp.app; sourceTree = BUILT_PRODUCTS_DIR; };
		C0D170A820BA77E700745AC6 /* AppDelegate.swift */ = {isa = PBXFileReference; lastKnownFileType = sourcecode.swift; path = AppDelegate.swift; sourceTree = "<group>"; };
		C0D170AA20BA77E700745AC6 /* ViewController.swift */ = {isa = PBXFileReference; lastKnownFileType = sourcecode.swift; path = ViewController.swift; sourceTree = "<group>"; };
		C0D170AD20BA77E700745AC6 /* Base */ = {isa = PBXFileReference; lastKnownFileType = file.storyboard; name = Base; path = Base.lproj/Main.storyboard; sourceTree = "<group>"; };
		C0D170AF20BA77E800745AC6 /* Assets.xcassets */ = {isa = PBXFileReference; lastKnownFileType = folder.assetcatalog; path = Assets.xcassets; sourceTree = "<group>"; };
		C0D170B220BA77E800745AC6 /* Base */ = {isa = PBXFileReference; lastKnownFileType = file.storyboard; name = Base; path = Base.lproj/LaunchScreen.storyboard; sourceTree = "<group>"; };
		C0D170B420BA77E800745AC6 /* Info.plist */ = {isa = PBXFileReference; lastKnownFileType = text.plist.xml; path = Info.plist; sourceTree = "<group>"; };
		C0D170BA20BA780800745AC6 /* Question.swift */ = {isa = PBXFileReference; lastKnownFileType = sourcecode.swift; path = Question.swift; sourceTree = "<group>"; };
		C0D170BC20BA782700745AC6 /* Quiz.swift */ = {isa = PBXFileReference; lastKnownFileType = sourcecode.swift; path = Quiz.swift; sourceTree = "<group>"; };
		C0D170BE20BA79D500745AC6 /* QuizManager.swift */ = {isa = PBXFileReference; lastKnownFileType = sourcecode.swift; path = QuizManager.swift; sourceTree = "<group>"; };
		C0D170C020BA7DC100745AC6 /* GameSound.wav */ = {isa = PBXFileReference; lastKnownFileType = audio.wav; path = GameSound.wav; sourceTree = "<group>"; };
/* End PBXFileReference section */

/* Begin PBXFrameworksBuildPhase section */
		C0D170A220BA77E700745AC6 /* Frameworks */ = {
			isa = PBXFrameworksBuildPhase;
			buildActionMask = 2147483647;
			files = (
			);
			runOnlyForDeploymentPostprocessing = 0;
		};
/* End PBXFrameworksBuildPhase section */

/* Begin PBXGroup section */
		C0D1709C20BA77E700745AC6 = {
			isa = PBXGroup;
			children = (
				C0D170A720BA77E700745AC6 /* MyEnhanceQuizApp */,
				C0D170A620BA77E700745AC6 /* Products */,
			);
			sourceTree = "<group>";
		};
		C0D170A620BA77E700745AC6 /* Products */ = {
			isa = PBXGroup;
			children = (
				C0D170A520BA77E700745AC6 /* MyEnhanceQuizApp.app */,
			);
			name = Products;
			sourceTree = "<group>";
		};
		C0D170A720BA77E700745AC6 /* MyEnhanceQuizApp */ = {
			isa = PBXGroup;
			children = (
				C0D170A820BA77E700745AC6 /* AppDelegate.swift */,
				C0D170AA20BA77E700745AC6 /* ViewController.swift */,
				C0D170BA20BA780800745AC6 /* Question.swift */,
				C0D170BC20BA782700745AC6 /* Quiz.swift */,
				C0D170BE20BA79D500745AC6 /* QuizManager.swift */,
				C0D170AC20BA77E700745AC6 /* Main.storyboard */,
				C0D170AF20BA77E800745AC6 /* Assets.xcassets */,
				C0D170B120BA77E800745AC6 /* LaunchScreen.storyboard */,
				C0D170B420BA77E800745AC6 /* Info.plist */,
				C02D053D20BCFF0F00128FF9 /* backgroundMK.png */,
				C02D053520BCE60700128FF9 /* ElectricalSweeper.wav */,
				C02D053B20BCF1C300128FF9 /* WrongSound.wav */,
				C02D053920BCE7E000128FF9 /* RightSound.wav */,
				C0D170C020BA7DC100745AC6 /* GameSound.wav */,
			);
			path = MyEnhanceQuizApp;
			sourceTree = "<group>";
		};
/* End PBXGroup section */

/* Begin PBXNativeTarget section */
		C0D170A420BA77E700745AC6 /* MyEnhanceQuizApp */ = {
			isa = PBXNativeTarget;
			buildConfigurationList = C0D170B720BA77E800745AC6 /* Build configuration list for PBXNativeTarget "MyEnhanceQuizApp" */;
			buildPhases = (
				C0D170A120BA77E700745AC6 /* Sources */,
				C0D170A220BA77E700745AC6 /* Frameworks */,
				C0D170A320BA77E700745AC6 /* Resources */,
			);
			buildRules = (
			);
			dependencies = (
			);
			name = MyEnhanceQuizApp;
			productName = MyEnhanceQuizApp;
			productReference = C0D170A520BA77E700745AC6 /* MyEnhanceQuizApp.app */;
			productType = "com.apple.product-type.application";
		};
/* End PBXNativeTarget section */

/* Begin PBXProject section */
		C0D1709D20BA77E700745AC6 /* Project object */ = {
			isa = PBXProject;
			attributes = {
				LastSwiftUpdateCheck = 0930;
				LastUpgradeCheck = 0930;
				ORGANIZATIONNAME = "David Oliveira";
				TargetAttributes = {
					C0D170A420BA77E700745AC6 = {
						CreatedOnToolsVersion = 9.3.1;
					};
				};
			};
			buildConfigurationList = C0D170A020BA77E700745AC6 /* Build configuration list for PBXProject "MyEnhanceQuizApp" */;
			compatibilityVersion = "Xcode 9.3";
			developmentRegion = en;
			hasScannedForEncodings = 0;
			knownRegions = (
				en,
				Base,
			);
			mainGroup = C0D1709C20BA77E700745AC6;
			productRefGroup = C0D170A620BA77E700745AC6 /* Products */;
			projectDirPath = "";
			projectRoot = "";
			targets = (
				C0D170A420BA77E700745AC6 /* MyEnhanceQuizApp */,
			);
		};
/* End PBXProject section */

/* Begin PBXResourcesBuildPhase section */
		C0D170A320BA77E700745AC6 /* Resources */ = {
			isa = PBXResourcesBuildPhase;
			buildActionMask = 2147483647;
			files = (
				C02D053A20BCE7E000128FF9 /* RightSound.wav in Resources */,
				C0D170C120BA7DC100745AC6 /* GameSound.wav in Resources */,
				C02D053C20BCF1C300128FF9 /* WrongSound.wav in Resources */,
				C02D053E20BCFF1000128FF9 /* backgroundMK.png in Resources */,
				C0D170B320BA77E800745AC6 /* LaunchScreen.storyboard in Resources */,
				C02D053620BCE60700128FF9 /* ElectricalSweeper.wav in Resources */,
				C0D170B020BA77E800745AC6 /* Assets.xcassets in Resources */,
				C0D170AE20BA77E700745AC6 /* Main.storyboard in Resources */,
			);
			runOnlyForDeploymentPostprocessing = 0;
		};
/* End PBXResourcesBuildPhase section */

/* Begin PBXSourcesBuildPhase section */
		C0D170A120BA77E700745AC6 /* Sources */ = {
			isa = PBXSourcesBuildPhase;
			buildActionMask = 2147483647;
			files = (
				C0D170BB20BA780800745AC6 /* Question.swift in Sources */,
				C0D170AB20BA77E700745AC6 /* ViewController.swift in Sources */,
				C0D170BF20BA79D500745AC6 /* QuizManager.swift in Sources */,
				C0D170BD20BA782700745AC6 /* Quiz.swift in Sources */,
				C0D170A920BA77E700745AC6 /* AppDelegate.swift in Sources */,
			);
			runOnlyForDeploymentPostprocessing = 0;
		};
/* End PBXSourcesBuildPhase section */

/* Begin PBXVariantGroup section */
		C0D170AC20BA77E700745AC6 /* Main.storyboard */ = {
			isa = PBXVariantGroup;
			children = (
				C0D170AD20BA77E700745AC6 /* Base */,
			);
			name = Main.storyboard;
			sourceTree = "<group>";
		};
		C0D170B120BA77E800745AC6 /* LaunchScreen.storyboard */ = {
			isa = PBXVariantGroup;
			children = (
				C0D170B220BA77E800745AC6 /* Base */,
			);
			name = LaunchScreen.storyboard;
			sourceTree = "<group>";
		};
/* End PBXVariantGroup section */

/* Begin XCBuildConfiguration section */
		C0D170B520BA77E800745AC6 /* Debug */ = {
			isa = XCBuildConfiguration;
			buildSettings = {
				ALWAYS_SEARCH_USER_PATHS = NO;
				CLANG_ANALYZER_NONNULL = YES;
				CLANG_ANALYZER_NUMBER_OBJECT_CONVERSION = YES_AGGRESSIVE;
				CLANG_CXX_LANGUAGE_STANDARD = "gnu++14";
				CLANG_CXX_LIBRARY = "libc++";
				CLANG_ENABLE_MODULES = YES;
				CLANG_ENABLE_OBJC_ARC = YES;
				CLANG_ENABLE_OBJC_WEAK = YES;
				CLANG_WARN_BLOCK_CAPTURE_AUTORELEASING = YES;
				CLANG_WARN_BOOL_CONVERSION = YES;
				CLANG_WARN_COMMA = YES;
				CLANG_WARN_CONSTANT_CONVERSION = YES;
				CLANG_WARN_DEPRECATED_OBJC_IMPLEMENTATIONS = YES;
				CLANG_WARN_DIRECT_OBJC_ISA_USAGE = YES_ERROR;
				CLANG_WARN_DOCUMENTATION_COMMENTS = YES;
				CLANG_WARN_EMPTY_BODY = YES;
				CLANG_WARN_ENUM_CONVERSION = YES;
				CLANG_WARN_INFINITE_RECURSION = YES;
				CLANG_WARN_INT_CONVERSION = YES;
				CLANG_WARN_NON_LITERAL_NULL_CONVERSION = YES;
				CLANG_WARN_OBJC_IMPLICIT_RETAIN_SELF = YES;
				CLANG_WARN_OBJC_LITERAL_CONVERSION = YES;
				CLANG_WARN_OBJC_ROOT_CLASS = YES_ERROR;
				CLANG_WARN_RANGE_LOOP_ANALYSIS = YES;
				CLANG_WARN_STRICT_PROTOTYPES = YES;
				CLANG_WARN_SUSPICIOUS_MOVE = YES;
				CLANG_WARN_UNGUARDED_AVAILABILITY = YES_AGGRESSIVE;
				CLANG_WARN_UNREACHABLE_CODE = YES;
				CLANG_WARN__DUPLICATE_METHOD_MATCH = YES;
				CODE_SIGN_IDENTITY = "iPhone Developer";
				COPY_PHASE_STRIP = NO;
				DEBUG_INFORMATION_FORMAT = dwarf;
				ENABLE_STRICT_OBJC_MSGSEND = YES;
				ENABLE_TESTABILITY = YES;
				GCC_C_LANGUAGE_STANDARD = gnu11;
				GCC_DYNAMIC_NO_PIC = NO;
				GCC_NO_COMMON_BLOCKS = YES;
				GCC_OPTIMIZATION_LEVEL = 0;
				GCC_PREPROCESSOR_DEFINITIONS = (
					"DEBUG=1",
					"$(inherited)",
				);
				GCC_WARN_64_TO_32_BIT_CONVERSION = YES;
				GCC_WARN_ABOUT_RETURN_TYPE = YES_ERROR;
				GCC_WARN_UNDECLARED_SELECTOR = YES;
				GCC_WARN_UNINITIALIZED_AUTOS = YES_AGGRESSIVE;
				GCC_WARN_UNUSED_FUNCTION = YES;
				GCC_WARN_UNUSED_VARIABLE = YES;
				IPHONEOS_DEPLOYMENT_TARGET = 11.3;
				MTL_ENABLE_DEBUG_INFO = YES;
				ONLY_ACTIVE_ARCH = YES;
				SDKROOT = iphoneos;
				SWIFT_ACTIVE_COMPILATION_CONDITIONS = DEBUG;
				SWIFT_OPTIMIZATION_LEVEL = "-Onone";
			};
			name = Debug;
		};
		C0D170B620BA77E800745AC6 /* Release */ = {
			isa = XCBuildConfiguration;
			buildSettings = {
				ALWAYS_SEARCH_USER_PATHS = NO;
				CLANG_ANALYZER_NONNULL = YES;
				CLANG_ANALYZER_NUMBER_OBJECT_CONVERSION = YES_AGGRESSIVE;
				CLANG_CXX_LANGUAGE_STANDARD = "gnu++14";
				CLANG_CXX_LIBRARY = "libc++";
				CLANG_ENABLE_MODULES = YES;
				CLANG_ENABLE_OBJC_ARC = YES;
				CLANG_ENABLE_OBJC_WEAK = YES;
				CLANG_WARN_BLOCK_CAPTURE_AUTORELEASING = YES;
				CLANG_WARN_BOOL_CONVERSION = YES;
				CLANG_WARN_COMMA = YES;
				CLANG_WARN_CONSTANT_CONVERSION = YES;
				CLANG_WARN_DEPRECATED_OBJC_IMPLEMENTATIONS = YES;
				CLANG_WARN_DIRECT_OBJC_ISA_USAGE = YES_ERROR;
				CLANG_WARN_DOCUMENTATION_COMMENTS = YES;
				CLANG_WARN_EMPTY_BODY = YES;
				CLANG_WARN_ENUM_CONVERSION = YES;
				CLANG_WARN_INFINITE_RECURSION = YES;
				CLANG_WARN_INT_CONVERSION = YES;
				CLANG_WARN_NON_LITERAL_NULL_CONVERSION = YES;
				CLANG_WARN_OBJC_IMPLICIT_RETAIN_SELF = YES;
				CLANG_WARN_OBJC_LITERAL_CONVERSION = YES;
				CLANG_WARN_OBJC_ROOT_CLASS = YES_ERROR;
				CLANG_WARN_RANGE_LOOP_ANALYSIS = YES;
				CLANG_WARN_STRICT_PROTOTYPES = YES;
				CLANG_WARN_SUSPICIOUS_MOVE = YES;
				CLANG_WARN_UNGUARDED_AVAILABILITY = YES_AGGRESSIVE;
				CLANG_WARN_UNREACHABLE_CODE = YES;
				CLANG_WARN__DUPLICATE_METHOD_MATCH = YES;
				CODE_SIGN_IDENTITY = "iPhone Developer";
				COPY_PHASE_STRIP = NO;
				DEBUG_INFORMATION_FORMAT = "dwarf-with-dsym";
				ENABLE_NS_ASSERTIONS = NO;
				ENABLE_STRICT_OBJC_MSGSEND = YES;
				GCC_C_LANGUAGE_STANDARD = gnu11;
				GCC_NO_COMMON_BLOCKS = YES;
				GCC_WARN_64_TO_32_BIT_CONVERSION = YES;
				GCC_WARN_ABOUT_RETURN_TYPE = YES_ERROR;
				GCC_WARN_UNDECLARED_SELECTOR = YES;
				GCC_WARN_UNINITIALIZED_AUTOS = YES_AGGRESSIVE;
				GCC_WARN_UNUSED_FUNCTION = YES;
				GCC_WARN_UNUSED_VARIABLE = YES;
				IPHONEOS_DEPLOYMENT_TARGET = 11.3;
				MTL_ENABLE_DEBUG_INFO = NO;
				SDKROOT = iphoneos;
				SWIFT_COMPILATION_MODE = wholemodule;
				SWIFT_OPTIMIZATION_LEVEL = "-O";
				VALIDATE_PRODUCT = YES;
			};
			name = Release;
		};
		C0D170B820BA77E800745AC6 /* Debug */ = {
			isa = XCBuildConfiguration;
			buildSettings = {
				ASSETCATALOG_COMPILER_APPICON_NAME = AppIcon;
				CODE_SIGN_STYLE = Automatic;
				DEVELOPMENT_TEAM = H7UX3383T3;
				INFOPLIST_FILE = MyEnhanceQuizApp/Info.plist;
				LD_RUNPATH_SEARCH_PATHS = (
					"$(inherited)",
					"@executable_path/Frameworks",
				);
				PRODUCT_BUNDLE_IDENTIFIER = Daveo.MyEnhanceQuizApp;
				PRODUCT_NAME = "$(TARGET_NAME)";
				SWIFT_VERSION = 4.0;
				TARGETED_DEVICE_FAMILY = "1,2";
			};
			name = Debug;
		};
		C0D170B920BA77E800745AC6 /* Release */ = {
			isa = XCBuildConfiguration;
			buildSettings = {
				ASSETCATALOG_COMPILER_APPICON_NAME = AppIcon;
				CODE_SIGN_STYLE = Automatic;
				DEVELOPMENT_TEAM = H7UX3383T3;
				INFOPLIST_FILE = MyEnhanceQuizApp/Info.plist;
				LD_RUNPATH_SEARCH_PATHS = (
					"$(inherited)",
					"@executable_path/Frameworks",
				);
				PRODUCT_BUNDLE_IDENTIFIER = Daveo.MyEnhanceQuizApp;
				PRODUCT_NAME = "$(TARGET_NAME)";
				SWIFT_VERSION = 4.0;
				TARGETED_DEVICE_FAMILY = "1,2";
			};
			name = Release;
		};
/* End XCBuildConfiguration section */

/* Begin XCConfigurationList section */
		C0D170A020BA77E700745AC6 /* Build configuration list for PBXProject "MyEnhanceQuizApp" */ = {
			isa = XCConfigurationList;
			buildConfigurations = (
				C0D170B520BA77E800745AC6 /* Debug */,
				C0D170B620BA77E800745AC6 /* Release */,
			);
			defaultConfigurationIsVisible = 0;
			defaultConfigurationName = Release;
		};
		C0D170B720BA77E800745AC6 /* Build configuration list for PBXNativeTarget "MyEnhanceQuizApp" */ = {
			isa = XCConfigurationList;
			buildConfigurations = (
				C0D170B820BA77E800745AC6 /* Debug */,
				C0D170B920BA77E800745AC6 /* Release */,
			);
			defaultConfigurationIsVisible = 0;
			defaultConfigurationName = Release;
		};
/* End XCConfigurationList section */
	};
	rootObject = C0D1709D20BA77E700745AC6 /* Project object */;
}
